
Microsoft Visual Studio Solution File, Format Version 12.00
# Visual Studio Version 16
VisualStudioVersion = 16.0.30114.105
MinimumVisualStudioVersion = 10.0.40219.1
Project("{2150E333-8FDC-42A3-9474-1A3956D46DE8}") = "src", "src", "{B465DD2A-FA4F-4A35-A0D2-6028CD925AC5}"
EndProject
Project("{FAE04EC0-301F-11D3-BF4B-00C04F79EFBC}") = "FunctionApp", "src\FunctionApp\FunctionApp.csproj", "{26601D8F-8F47-4209-B003-31CE7EB85D84}"
EndProject
Project("{FAE04EC0-301F-11D3-BF4B-00C04F79EFBC}") = "FunctionApp.Test", "src\FunctionApp.Test\FunctionApp.Test.csproj", "{A3CD947D-A216-48CD-8C6D-C745D5F5FA1E}"
EndProject
Global
	GlobalSection(SolutionConfigurationPlatforms) = preSolution
		Debug|Any CPU = Debug|Any CPU
		Release|Any CPU = Release|Any CPU
	EndGlobalSection
	GlobalSection(SolutionProperties) = preSolution
		HideSolutionNode = FALSE
	EndGlobalSection
	GlobalSection(ProjectConfigurationPlatforms) = postSolution
		{26601D8F-8F47-4209-B003-31CE7EB85D84}.Debug|Any CPU.ActiveCfg = Debug|Any CPU
		{26601D8F-8F47-4209-B003-31CE7EB85D84}.Debug|Any CPU.Build.0 = Debug|Any CPU
		{26601D8F-8F47-4209-B003-31CE7EB85D84}.Release|Any CPU.ActiveCfg = Release|Any CPU
		{26601D8F-8F47-4209-B003-31CE7EB85D84}.Release|Any CPU.Build.0 = Release|Any CPU
		{A3CD947D-A216-48CD-8C6D-C745D5F5FA1E}.Debug|Any CPU.ActiveCfg = Debug|Any CPU
		{A3CD947D-A216-48CD-8C6D-C745D5F5FA1E}.Debug|Any CPU.Build.0 = Debug|Any CPU
		{A3CD947D-A216-48CD-8C6D-C745D5F5FA1E}.Release|Any CPU.ActiveCfg = Release|Any CPU
		{A3CD947D-A216-48CD-8C6D-C745D5F5FA1E}.Release|Any CPU.Build.0 = Release|Any CPU
	EndGlobalSection
	GlobalSection(NestedProjects) = preSolution
		{26601D8F-8F47-4209-B003-31CE7EB85D84} = {B465DD2A-FA4F-4A35-A0D2-6028CD925AC5}
		{A3CD947D-A216-48CD-8C6D-C745D5F5FA1E} = {B465DD2A-FA4F-4A35-A0D2-6028CD925AC5}
	EndGlobalSection
EndGlobal
